{
  "name": "parcel-plugin-url-loader",
  "version": "2.0.0",
  "lockfileVersion": 1,
  "requires": true,
  "dependencies": {
    "@lezer/common": {
      "version": "0.15.12",
      "resolved": "http://bnpm.byted.org/@lezer/common/-/common-0.15.12.tgz",
      "integrity": "sha512-edfwCxNLnzq5pBA/yaIhwJ3U3Kz8VAUOTRg0hhxaizaI1N+qxV7EXDv/kLCkLeq2RzSFvxexlaj5Mzfn2kY0Ig=="
    },
    "@lezer/lr": {
      "version": "0.15.8",
      "resolved": "http://bnpm.byted.org/@lezer/lr/-/lr-0.15.8.tgz",
      "integrity": "sha512-bM6oE6VQZ6hIFxDNKk8bKPa14hqFrV07J/vHGOeiAbJReIaQXmkVb6xQu4MR+JBTLa5arGRyAAjJe1qaQt3Uvg==",
      "requires": {
        "@lezer/common": "^0.15.0"
      }
    },
    "@lmdb/lmdb-darwin-arm64": {
      "version": "2.5.2",
      "resolved": "http://bnpm.byted.org/@lmdb/lmdb-darwin-arm64/-/lmdb-darwin-arm64-2.5.2.tgz",
      "integrity": "sha512-+F8ioQIUN68B4UFiIBYu0QQvgb9FmlKw2ctQMSBfW2QBrZIxz9vD9jCGqTCPqZBRbPHAS/vG1zSXnKqnS2ch/A==",
      "optional": true
    },
    "@lmdb/lmdb-darwin-x64": {
      "version": "2.5.2",
      "resolved": "http://bnpm.byted.org/@lmdb/lmdb-darwin-x64/-/lmdb-darwin-x64-2.5.2.tgz",
      "integrity": "sha512-KvPH56KRLLx4KSfKBx0m1r7GGGUMXm0jrKmNE7plbHlesZMuPJICtn07HYgQhj1LNsK7Yqwuvnqh1QxhJnF1EA==",
      "optional": true
    },
    "@lmdb/lmdb-linux-arm": {
      "version": "2.5.2",
      "resolved": "http://bnpm.byted.org/@lmdb/lmdb-linux-arm/-/lmdb-linux-arm-2.5.2.tgz",
      "integrity": "sha512-5kQAP21hAkfW5Bl+e0P57dV4dGYnkNIpR7f/GAh6QHlgXx+vp/teVj4PGRZaKAvt0GX6++N6hF8NnGElLDuIDw==",
      "optional": true
    },
    "@lmdb/lmdb-linux-arm64": {
      "version": "2.5.2",
      "resolved": "http://bnpm.byted.org/@lmdb/lmdb-linux-arm64/-/lmdb-linux-arm64-2.5.2.tgz",
      "integrity": "sha512-aLl89VHL/wjhievEOlPocoefUyWdvzVrcQ/MHQYZm2JfV1jUsrbr/ZfkPPUFvZBf+VSE+Q0clWs9l29PCX1hTQ==",
      "optional": true
    },
    "@lmdb/lmdb-linux-x64": {
      "version": "2.5.2",
      "resolved": "http://bnpm.byted.org/@lmdb/lmdb-linux-x64/-/lmdb-linux-x64-2.5.2.tgz",
      "integrity": "sha512-xUdUfwDJLGjOUPH3BuPBt0NlIrR7f/QHKgu3GZIXswMMIihAekj2i97oI0iWG5Bok/b+OBjHPfa8IU9velnP/Q==",
      "optional": true
    },
    "@lmdb/lmdb-win32-x64": {
      "version": "2.5.2",
      "resolved": "http://bnpm.byted.org/@lmdb/lmdb-win32-x64/-/lmdb-win32-x64-2.5.2.tgz",
      "integrity": "sha512-zrBczSbXKxEyK2ijtbRdICDygRqWSRPpZMN5dD1T8VMEW5RIhIbwFWw2phDRXuBQdVDpSjalCIUMWMV2h3JaZA==",
      "optional": true
    },
    "@mischnic/json-sourcemap": {
      "version": "0.1.0",
      "resolved": "http://bnpm.byted.org/@mischnic/json-sourcemap/-/json-sourcemap-0.1.0.tgz",
      "integrity": "sha512-dQb3QnfNqmQNYA4nFSN/uLaByIic58gOXq4Y4XqLOWmOrw73KmJPt/HLyG0wvn1bnR6mBKs/Uwvkh+Hns1T0XA==",
      "requires": {
        "@lezer/common": "^0.15.7",
        "@lezer/lr": "^0.15.4",
        "json5": "^2.2.1"
      }
    },
    "@msgpackr-extract/msgpackr-extract-darwin-arm64": {
      "version": "2.1.2",
      "resolved": "http://bnpm.byted.org/@msgpackr-extract/msgpackr-extract-darwin-arm64/-/msgpackr-extract-darwin-arm64-2.1.2.tgz",
      "integrity": "sha512-TyVLn3S/+ikMDsh0gbKv2YydKClN8HaJDDpONlaZR+LVJmsxLFUgA+O7zu59h9+f9gX1aj/ahw9wqa6rosmrYQ==",
      "optional": true
    },
    "@msgpackr-extract/msgpackr-extract-darwin-x64": {
      "version": "2.1.2",
      "resolved": "http://bnpm.byted.org/@msgpackr-extract/msgpackr-extract-darwin-x64/-/msgpackr-extract-darwin-x64-2.1.2.tgz",
      "integrity": "sha512-YPXtcVkhmVNoMGlqp81ZHW4dMxK09msWgnxtsDpSiZwTzUBG2N+No2bsr7WMtBKCVJMSD6mbAl7YhKUqkp/Few==",
      "optional": true
    },
    "@msgpackr-extract/msgpackr-extract-linux-arm": {
      "version": "2.1.2",
      "resolved": "http://bnpm.byted.org/@msgpackr-extract/msgpackr-extract-linux-arm/-/msgpackr-extract-linux-arm-2.1.2.tgz",
      "integrity": "sha512-42R4MAFeIeNn+L98qwxAt360bwzX2Kf0ZQkBBucJ2Ircza3asoY4CDbgiu9VWklq8gWJVSJSJBwDI+c/THiWkA==",
      "optional": true
    },
    "@msgpackr-extract/msgpackr-extract-linux-arm64": {
      "version": "2.1.2",
      "resolved": "http://bnpm.byted.org/@msgpackr-extract/msgpackr-extract-linux-arm64/-/msgpackr-extract-linux-arm64-2.1.2.tgz",
      "integrity": "sha512-vHZ2JiOWF2+DN9lzltGbhtQNzDo8fKFGrf37UJrgqxU0yvtERrzUugnfnX1wmVfFhSsF8OxrfqiNOUc5hko1Zg==",
      "optional": true
    },
    "@msgpackr-extract/msgpackr-extract-linux-x64": {
      "version": "2.1.2",
      "resolved": "http://bnpm.byted.org/@msgpackr-extract/msgpackr-extract-linux-x64/-/msgpackr-extract-linux-x64-2.1.2.tgz",
      "integrity": "sha512-RjRoRxg7Q3kPAdUSC5EUUPlwfMkIVhmaRTIe+cqHbKrGZ4M6TyCA/b5qMaukQ/1CHWrqYY2FbKOAU8Hg0pQFzg==",
      "optional": true
    },
    "@msgpackr-extract/msgpackr-extract-win32-x64": {
      "version": "2.1.2",
      "resolved": "http://bnpm.byted.org/@msgpackr-extract/msgpackr-extract-win32-x64/-/msgpackr-extract-win32-x64-2.1.2.tgz",
      "integrity": "sha512-rIZVR48zA8hGkHIK7ED6+ZiXsjRCcAVBJbm8o89OKAMTmEAQ2QvoOxoiu3w2isAaWwzgtQIOFIqHwvZDyLKCvw==",
      "optional": true
    },
    "@parcel/cache": {
      "version": "2.7.0",
      "resolved": "http://bnpm.byted.org/@parcel/cache/-/cache-2.7.0.tgz",
      "integrity": "sha512-JlXNoZXcWzLKdDlfeF3dIj5Vtel5T9vtdBN72PJ+cjC4qNHk4Uwvc5sfOBELuibGN0bVu2bwY9nUgSwCiB1iIA==",
      "requires": {
        "@parcel/fs": "2.7.0",
        "@parcel/logger": "2.7.0",
        "@parcel/utils": "2.7.0",
        "lmdb": "2.5.2"
      }
    },
    "@parcel/codeframe": {
      "version": "2.7.0",
      "resolved": "http://bnpm.byted.org/@parcel/codeframe/-/codeframe-2.7.0.tgz",
      "integrity": "sha512-UTKx0jejJmmO1dwTHSJuRgrO8N6PMlkxRT6sew8N6NC3Bgv6pu0EbO+RtlWt/jCvzcdLOPdIoTzj4MMZvgcMYg==",
      "requires": {
        "chalk": "^4.1.0"
      }
    },
    "@parcel/diagnostic": {
      "version": "2.7.0",
      "resolved": "http://bnpm.byted.org/@parcel/diagnostic/-/diagnostic-2.7.0.tgz",
      "integrity": "sha512-pdq/cTwVoL0n8yuDCRXFRSQHVWdmmIXPt3R3iT4KtYDYvOrMT2dLPT79IMqQkhYPANW8GuL15n/WxRngfRdkug==",
      "requires": {
        "@mischnic/json-sourcemap": "^0.1.0",
        "nullthrows": "^1.1.1"
      }
    },
    "@parcel/events": {
      "version": "2.7.0",
      "resolved": "http://bnpm.byted.org/@parcel/events/-/events-2.7.0.tgz",
      "integrity": "sha512-kQDwMKgZ1U4M/G17qeDYF6bW5kybluN6ajYPc7mZcrWg+trEI/oXi81GMFaMX0BSUhwhbiN5+/Vb2wiG/Sn6ig=="
    },
    "@parcel/fs": {
      "version": "2.7.0",
      "resolved": "http://bnpm.byted.org/@parcel/fs/-/fs-2.7.0.tgz",
      "integrity": "sha512-PU5fo4Hh8y03LZgemgVREttc0wyHQUNmsJCybxTB7EjJie2CqJRumo+DFppArlvdchLwJdc9em03yQV/GNWrEg==",
      "requires": {
        "@parcel/fs-search": "2.7.0",
        "@parcel/types": "2.7.0",
        "@parcel/utils": "2.7.0",
        "@parcel/watcher": "^2.0.0",
        "@parcel/workers": "2.7.0"
      }
    },
    "@parcel/fs-search": {
      "version": "2.7.0",
      "resolved": "http://bnpm.byted.org/@parcel/fs-search/-/fs-search-2.7.0.tgz",
      "integrity": "sha512-K1Hv25bnRpwQVA15RvcRuB8ZhfclnCHA8N8L6w7Ul1ncSJDxCIkIAc5hAubYNNYW3kWjCC2SOaEgFKnbvMllEQ==",
      "requires": {
        "detect-libc": "^1.0.3"
      }
    },
    "@parcel/hash": {
      "version": "2.7.0",
      "resolved": "http://bnpm.byted.org/@parcel/hash/-/hash-2.7.0.tgz",
      "integrity": "sha512-k6bSKnIlPJMPU3yjQzfgfvF9zuJZGOAlJgzpL4BbWvdbE8BTdjzLcFn0Ujrtud94EgIkiXd22sC2HpCUWoHGdA==",
      "requires": {
        "detect-libc": "^1.0.3",
        "xxhash-wasm": "^0.4.2"
      }
    },
    "@parcel/logger": {
      "version": "2.7.0",
      "resolved": "http://bnpm.byted.org/@parcel/logger/-/logger-2.7.0.tgz",
      "integrity": "sha512-qjMY/bYo38+o+OiIrTRldU9CwL1E7J72t+xkTP8QIcUxLWz5LYR0YbynZUVulmBSfqsykjjxCy4a+8siVr+lPw==",
      "requires": {
        "@parcel/diagnostic": "2.7.0",
        "@parcel/events": "2.7.0"
      }
    },
    "@parcel/markdown-ansi": {
      "version": "2.7.0",
      "resolved": "http://bnpm.byted.org/@parcel/markdown-ansi/-/markdown-ansi-2.7.0.tgz",
      "integrity": "sha512-ipOX0D6FVZFEXeb/z8MnTMq2RQEIuaILY90olVIuHEFLHHfOPEn+RK3u13HA1ChF5/9E3cMD79tu6x9JL9Kqag==",
      "requires": {
        "chalk": "^4.1.0"
      }
    },
    "@parcel/package-manager": {
      "version": "2.7.0",
      "resolved": "http://bnpm.byted.org/@parcel/package-manager/-/package-manager-2.7.0.tgz",
      "integrity": "sha512-wmfSX1mRrTi8MeA4KrnPk/x7zGUsILCQmTo6lA4gygzAxDbM1pGuyFN8/Kt0y0SFO2lbljARtD/4an5qdotH+Q==",
      "requires": {
        "@parcel/diagnostic": "2.7.0",
        "@parcel/fs": "2.7.0",
        "@parcel/logger": "2.7.0",
        "@parcel/types": "2.7.0",
        "@parcel/utils": "2.7.0",
        "@parcel/workers": "2.7.0",
        "semver": "^5.7.1"
      }
    },
    "@parcel/plugin": {
      "version": "2.7.0",
      "resolved": "http://bnpm.byted.org/@parcel/plugin/-/plugin-2.7.0.tgz",
      "integrity": "sha512-qqgx+nnMn6/0lRc4lKbLGmhNtBiT93S2gFNB4Eb4Pfz/SxVYoW+fmml+KdfOSiZffWOAH5L6NwhyD7N8aSikzw==",
      "requires": {
        "@parcel/types": "2.7.0"
      }
    },
    "@parcel/source-map": {
      "version": "2.1.0",
      "resolved": "http://bnpm.byted.org/@parcel/source-map/-/source-map-2.1.0.tgz",
      "integrity": "sha512-E7UOEIof2o89LrKk1agSLmwakjigmEdDp1ZaEdsLVEvq63R/bul4Ij5CT+0ZDcijGpl5tnTbQADY9EyYGtjYgQ==",
      "requires": {
        "detect-libc": "^1.0.3"
      }
    },
    "@parcel/types": {
      "version": "2.7.0",
      "resolved": "http://bnpm.byted.org/@parcel/types/-/types-2.7.0.tgz",
      "integrity": "sha512-+dhXVUnseTCpJvBTGMp0V6X13z6O/A/+CUtwEpMGZ8XSmZ4Gk44GvaTiBOp0bJpWG4fvCKp+UmC8PYbrDiiziw==",
      "requires": {
        "@parcel/cache": "2.7.0",
        "@parcel/diagnostic": "2.7.0",
        "@parcel/fs": "2.7.0",
        "@parcel/package-manager": "2.7.0",
        "@parcel/source-map": "^2.0.0",
        "@parcel/workers": "2.7.0",
        "utility-types": "^3.10.0"
      }
    },
    "@parcel/utils": {
      "version": "2.7.0",
      "resolved": "http://bnpm.byted.org/@parcel/utils/-/utils-2.7.0.tgz",
      "integrity": "sha512-jNZ5bIGg1r1RDRKi562o4kuVwnz+XJ2Ie3b0Zwrqwvgfj6AbRFIKzDd+h85dWWmcDYzKUbHp11u6VJl1u8Vapg==",
      "requires": {
        "@parcel/codeframe": "2.7.0",
        "@parcel/diagnostic": "2.7.0",
        "@parcel/hash": "2.7.0",
        "@parcel/logger": "2.7.0",
        "@parcel/markdown-ansi": "2.7.0",
        "@parcel/source-map": "^2.0.0",
        "chalk": "^4.1.0"
      }
    },
    "@parcel/watcher": {
      "version": "2.0.5",
      "resolved": "http://bnpm.byted.org/@parcel/watcher/-/watcher-2.0.5.tgz",
      "integrity": "sha512-x0hUbjv891omnkcHD7ZOhiyyUqUUR6MNjq89JhEI3BxppeKWAm6NPQsqqRrAkCJBogdT/o/My21sXtTI9rJIsw==",
      "requires": {
        "node-addon-api": "^3.2.1",
        "node-gyp-build": "^4.3.0"
      }
    },
    "@parcel/workers": {
      "version": "2.7.0",
      "resolved": "http://bnpm.byted.org/@parcel/workers/-/workers-2.7.0.tgz",
      "integrity": "sha512-99VfaOX+89+RaoTSyH9ZQtkMBFZBFMvJmVJ/GeJT6QCd2wtKBStTHlaSnQOkLD/iRjJCNwV2xpZmm8YkTwV+hg==",
      "requires": {
        "@parcel/diagnostic": "2.7.0",
        "@parcel/logger": "2.7.0",
        "@parcel/types": "2.7.0",
        "@parcel/utils": "2.7.0",
        "chrome-trace-event": "^1.0.2",
        "nullthrows": "^1.1.1"
      }
    },
    "@types/mime": {
      "version": "3.0.1",
      "resolved": "http://bnpm.byted.org/@types/mime/-/mime-3.0.1.tgz",
      "integrity": "sha512-Y4XFY5VJAuw0FgAqPNd6NNoV44jbq9Bz2L7Rh/J6jLTiHBSBJa9fxqQIvkIld4GsoDOcCbvzOUAbLPsSKKg+uA==",
      "dev": true
    },
    "ansi-styles": {
      "version": "4.3.0",
      "resolved": "http://bnpm.byted.org/ansi-styles/-/ansi-styles-4.3.0.tgz",
      "integrity": "sha512-zbB9rCJAT1rbjiVDb2hqKFHNYLxgtk8NURxZ3IZwD3F6NtxbXZQCnnSi1Lkx+IDohdPlFp222wVALIheZJQSEg==",
      "requires": {
        "color-convert": "^2.0.1"
      }
    },
    "chalk": {
      "version": "4.1.2",
      "resolved": "http://bnpm.byted.org/chalk/-/chalk-4.1.2.tgz",
      "integrity": "sha512-oKnbhFyRIXpUuez8iBMmyEa4nbj4IOQyuhc/wy9kY7/WVPcwIO9VA668Pu8RkO7+0G76SLROeyw9CpQ061i4mA==",
      "requires": {
        "ansi-styles": "^4.1.0",
        "supports-color": "^7.1.0"
      }
    },
    "chrome-trace-event": {
      "version": "1.0.3",
      "resolved": "http://bnpm.byted.org/chrome-trace-event/-/chrome-trace-event-1.0.3.tgz",
      "integrity": "sha512-p3KULyQg4S7NIHixdwbGX+nFHkoBiA4YQmyWtjb8XngSKV124nJmRysgAeujbUVb15vh+RvFUfCPqU7rXk+hZg=="
    },
    "color-convert": {
      "version": "2.0.1",
      "resolved": "http://bnpm.byted.org/color-convert/-/color-convert-2.0.1.tgz",
      "integrity": "sha512-RRECPsj7iu/xb5oKYcsFHSppFNnsj/52OVTRKb4zP5onXwVF3zVmmToNcOfGC+CRDpfK/U584fMg38ZHCaElKQ==",
      "requires": {
        "color-name": "~1.1.4"
      }
    },
    "color-name": {
      "version": "1.1.4",
      "resolved": "http://bnpm.byted.org/color-name/-/color-name-1.1.4.tgz",
      "integrity": "sha512-dOy+3AuW3a2wNbZHIuMZpTcgjGuLU/uBL/ubcZF9OXbDo8ff4O8yVp5Bf0efS8uEoYo5q4Fx7dY9OgQGXgAsQA=="
    },
    "detect-libc": {
      "version": "1.0.3",
      "resolved": "http://bnpm.byted.org/detect-libc/-/detect-libc-1.0.3.tgz",
      "integrity": "sha512-pGjwhsmsp4kL2RTz08wcOlGN83otlqHeD/Z5T8GXZB+/YcpQ/dgo+lbU8ZsGxV0HIvqqxo9l7mqYwyYMD9bKDg=="
    },
    "has-flag": {
      "version": "4.0.0",
      "resolved": "http://bnpm.byted.org/has-flag/-/has-flag-4.0.0.tgz",
      "integrity": "sha512-EykJT/Q1KjTWctppgIAgfSO0tKVuZUjhgMr17kqTumMl6Afv3EISleU7qZUzoXDFTAHTDC4NOoG/ZxU3EvlMPQ=="
    },
    "json5": {
      "version": "2.2.1",
      "resolved": "http://bnpm.byted.org/json5/-/json5-2.2.1.tgz",
      "integrity": "sha512-1hqLFMSrGHRHxav9q9gNjJ5EXznIxGVO09xQRrwplcS8qs28pZ8s8hupZAmqDwZUmVZ2Qb2jnyPOWcDH8m8dlA=="
    },
    "lmdb": {
      "version": "2.5.2",
      "resolved": "http://bnpm.byted.org/lmdb/-/lmdb-2.5.2.tgz",
      "integrity": "sha512-V5V5Xa2Hp9i2XsbDALkBTeHXnBXh/lEmk9p22zdr7jtuOIY9TGhjK6vAvTpOOx9IKU4hJkRWZxn/HsvR1ELLtA==",
      "requires": {
        "@lmdb/lmdb-darwin-arm64": "2.5.2",
        "@lmdb/lmdb-darwin-x64": "2.5.2",
        "@lmdb/lmdb-linux-arm": "2.5.2",
        "@lmdb/lmdb-linux-arm64": "2.5.2",
        "@lmdb/lmdb-linux-x64": "2.5.2",
        "@lmdb/lmdb-win32-x64": "2.5.2",
        "msgpackr": "^1.5.4",
        "node-addon-api": "^4.3.0",
        "node-gyp-build-optional-packages": "5.0.3",
        "ordered-binary": "^1.2.4",
        "weak-lru-cache": "^1.2.2"
      },
      "dependencies": {
        "node-addon-api": {
          "version": "4.3.0",
          "resolved": "http://bnpm.byted.org/node-addon-api/-/node-addon-api-4.3.0.tgz",
          "integrity": "sha512-73sE9+3UaLYYFmDsFZnqCInzPyh3MqIwZO9cw58yIqAZhONrrabrYyYe3TuIqtIiOuTXVhsGau8hcrhhwSsDIQ=="
        }
      }
    },
    "mime": {
      "version": "3.0.0",
      "resolved": "http://bnpm.byted.org/mime/-/mime-3.0.0.tgz",
      "integrity": "sha512-jSCU7/VB1loIWBZe14aEYHU/+1UMEHoaO7qxCOVJOw9GgH72VAWppxNcjU+x9a2k3GSIBXNKxXQFqRvvZ7vr3A=="
    },
    "msgpackr": {
      "version": "1.6.2",
      "resolved": "http://bnpm.byted.org/msgpackr/-/msgpackr-1.6.2.tgz",
      "integrity": "sha512-bqSQ0DYJbXbrJcrZFmMygUZmqQiDfI2ewFVWcrZY12w5XHWtPuW4WppDT/e63Uu311ajwkRRXSoF0uILroBeTA==",
      "requires": {
        "msgpackr-extract": "^2.0.2"
      }
    },
    "msgpackr-extract": {
      "version": "2.1.2",
      "resolved": "http://bnpm.byted.org/msgpackr-extract/-/msgpackr-extract-2.1.2.tgz",
      "integrity": "sha512-cmrmERQFb19NX2JABOGtrKdHMyI6RUyceaPBQ2iRz9GnDkjBWFjNJC0jyyoOfZl2U/LZE3tQCCQc4dlRyA8mcA==",
      "optional": true,
      "requires": {
        "@msgpackr-extract/msgpackr-extract-darwin-arm64": "2.1.2",
        "@msgpackr-extract/msgpackr-extract-darwin-x64": "2.1.2",
        "@msgpackr-extract/msgpackr-extract-linux-arm": "2.1.2",
        "@msgpackr-extract/msgpackr-extract-linux-arm64": "2.1.2",
        "@msgpackr-extract/msgpackr-extract-linux-x64": "2.1.2",
        "@msgpackr-extract/msgpackr-extract-win32-x64": "2.1.2",
        "node-gyp-build-optional-packages": "5.0.3"
      }
    },
    "node-addon-api": {
      "version": "3.2.1",
      "resolved": "http://bnpm.byted.org/node-addon-api/-/node-addon-api-3.2.1.tgz",
      "integrity": "sha512-mmcei9JghVNDYydghQmeDX8KoAm0FAiYyIcUt/N4nhyAipB17pllZQDOJD2fotxABnt4Mdz+dKTO7eftLg4d0A=="
    },
    "node-gyp-build": {
      "version": "4.5.0",
      "resolved": "http://bnpm.byted.org/node-gyp-build/-/node-gyp-build-4.5.0.tgz",
      "integrity": "sha512-2iGbaQBV+ITgCz76ZEjmhUKAKVf7xfY1sRl4UiKQspfZMH2h06SyhNsnSVy50cwkFQDGLyif6m/6uFXHkOZ6rg=="
    },
    "node-gyp-build-optional-packages": {
      "version": "5.0.3",
      "resolved": "http://bnpm.byted.org/node-gyp-build-optional-packages/-/node-gyp-build-optional-packages-5.0.3.tgz",
      "integrity": "sha512-k75jcVzk5wnnc/FMxsf4udAoTEUv2jY3ycfdSd3yWu6Cnd1oee6/CfZJApyscA4FJOmdoixWwiwOyf16RzD5JA=="
    },
    "nullthrows": {
      "version": "1.1.1",
      "resolved": "http://bnpm.byted.org/nullthrows/-/nullthrows-1.1.1.tgz",
      "integrity": "sha512-2vPPEi+Z7WqML2jZYddDIfy5Dqb0r2fze2zTxNNknZaFpVHU3mFB3R+DWeJWGVx0ecvttSGlJTI+WG+8Z4cDWw=="
    },
    "ordered-binary": {
      "version": "1.3.0",
      "resolved": "http://bnpm.byted.org/ordered-binary/-/ordered-binary-1.3.0.tgz",
      "integrity": "sha512-knIeYepTI6BDAzGxqFEDGtI/iGqs57H32CInAIxEvAHG46vk1Di0CEpyc1A7iY39B1mfik3g3KLYwOTNnnMHLA=="
    },
    "semver": {
      "version": "5.7.1",
      "resolved": "http://bnpm.byted.org/semver/-/semver-5.7.1.tgz",
      "integrity": "sha512-sauaDf/PZdVgrLTNYHRtpXa1iRiKcaebiKQ1BJdpQlWH2lCvexQdX55snPFyK7QzpudqbCI0qXFfOasHdyNDGQ=="
    },
    "supports-color": {
      "version": "7.2.0",
      "resolved": "http://bnpm.byted.org/supports-color/-/supports-color-7.2.0.tgz",
      "integrity": "sha512-qpCAvRl9stuOHveKsn7HncJRvv501qIacKzQlO/+Lwxc9+0q2wLyv4Dfvt80/DPn2pqOBsJdDiogXGR9+OvwRw==",
      "requires": {
        "has-flag": "^4.0.0"
      }
    },
    "utility-types": {
      "version": "3.10.0",
      "resolved": "http://bnpm.byted.org/utility-types/-/utility-types-3.10.0.tgz",
      "integrity": "sha512-O11mqxmi7wMKCo6HKFt5AhO4BwY3VV68YU07tgxfz8zJTIxr4BpsezN49Ffwy9j3ZpwwJp4fkRwjRzq3uWE6Rg=="
    },
    "weak-lru-cache": {
      "version": "1.2.2",
      "resolved": "http://bnpm.byted.org/weak-lru-cache/-/weak-lru-cache-1.2.2.tgz",
      "integrity": "sha512-DEAoo25RfSYMuTGc9vPJzZcZullwIqRDSI9LOy+fkCJPi6hykCnfKaXTuPBDuXAUcqHXyOgFtHNp/kB2FjYHbw=="
    },
    "xxhash-wasm": {
      "version": "0.4.2",
      "resolved": "http://bnpm.byted.org/xxhash-wasm/-/xxhash-wasm-0.4.2.tgz",
      "integrity": "sha512-/eyHVRJQCirEkSZ1agRSCwriMhwlyUcFkXD5TPVSLP+IPzjsqMVzZwdoczLp1SoQU0R3dxz1RpIK+4YNQbCVOA=="
    }
  }
}
